
Microsoft Visual Studio Solution File, Format Version 11.00
# Visual Studio 2010
Project("{8BC9CEB8-8B4A-11D0-8D11-00A0C91BC942}") = "Day14_LinkedListNormal", "Day14_LinkedListNormal\Day14_LinkedListNormal.vcxproj", "{E071ABF4-A098-4B76-AD75-68E39C8214C2}"
EndProject
Global
	GlobalSection(SolutionConfigurationPlatforms) = preSolution
		Debug|Win32 = Debug|Win32
		Release|Win32 = Release|Win32
	EndGlobalSection
	GlobalSection(ProjectConfigurationPlatforms) = postSolution
		{E071ABF4-A098-4B76-AD75-68E39C8214C2}.Debug|Win32.ActiveCfg = Debug|Win32
		{E071ABF4-A098-4B76-AD75-68E39C8214C2}.Debug|Win32.Build.0 = Debug|Win32
		{E071ABF4-A098-4B76-AD75-68E39C8214C2}.Release|Win32.ActiveCfg = Release|Win32
		{E071ABF4-A098-4B76-AD75-68E39C8214C2}.Release|Win32.Build.0 = Release|Win32
	EndGlobalSection
	GlobalSection(SolutionProperties) = preSolution
		HideSolutionNode = FALSE
	EndGlobalSection
EndGlobal
